{
  "nodes": {
    "NUR": {
      "locked": {
        "lastModified": 1618014434,
        "narHash": "sha256-imTnbJiAAbpPdSgVRoDpCKmQspU/X213HgcSPUOBAvo=",
        "owner": "nix-community",
        "repo": "NUR",
        "rev": "470752b28504d0da57421e4b7f16c2ebfa86a8a2",
        "type": "github"
      },
      "original": {
        "owner": "nix-community",
        "repo": "NUR",
        "type": "github"
      }
    },
    "flake-utils": {
      "locked": {
        "lastModified": 1607173379,
        "narHash": "sha256-wKwwwbdvYtm0bY6PaeCWO3k0+Bg+VohC56Vn7Z9ZX/U=",
        "owner": "poscat0x04",
        "repo": "flake-utils",
        "rev": "1841839284bd33948154ccdf73f8712a01bfab64",
        "type": "github"
      },
      "original": {
        "owner": "poscat0x04",
        "repo": "flake-utils",
        "type": "github"
      }
    },
    "nixpkgs": {
      "locked": {
        "lastModified": 1617899217,
        "narHash": "sha256-gd5JHH7IkeoIQ/oiGZSqDpGdGt7DMRJTQ8JiD8+hdOQ=",
        "owner": "NixOS",
        "repo": "nixpkgs",
        "rev": "9e377a6ce42dccd9b624ae4ce8f978dc892ba0e2",
        "type": "github"
      },
      "original": {
        "owner": "NixOS",
        "ref": "nixos-unstable",
        "repo": "nixpkgs",
        "type": "github"
      }
    },
    "root": {
      "inputs": {
        "NUR": "NUR",
        "flake-utils": "flake-utils",
        "nixpkgs": "nixpkgs"
      }
    }
  },
  "root": "root",
  "version": 7
}
