{
  "nodes": {
    "nixpkgs": {
      "locked": {
        "lastModified": 1606655114,
        "narHash": "sha256-sCOycaZWoucJ15RTE31YkNnxAOUWgVO/i/0a9DkACxE=",
        "owner": "NixOS",
        "repo": "nixpkgs",
        "rev": "8ee7c2505f9e7019aa69c8a6313e5f2d32a69f27",
        "type": "github"
      },
      "original": {
        "owner": "NixOS",
        "ref": "nixos-unstable",
        "repo": "nixpkgs",
        "type": "github"
      }
    },
    "nur": {
      "locked": {
        "lastModified": 1606710615,
        "narHash": "sha256-+b59NYdCYlNukX5iq9bH9Aaok4JUWJkwfsOIefIzuxA=",
        "owner": "nix-community",
        "repo": "NUR",
        "rev": "7a30d73ef02b1f5b87bd784321469f58ce3a5519",
        "type": "github"
      },
      "original": {
        "owner": "nix-community",
        "repo": "NUR",
        "type": "github"
      }
    },
    "root": {
      "inputs": {
        "nixpkgs": "nixpkgs",
        "nur": "nur"
      }
    }
  },
  "root": "root",
  "version": 7
}
